
Microsoft Visual Studio Solution File, Format Version 12.00
# Visual Studio Version 17
VisualStudioVersion = 17.12.35521.163 d17.12
MinimumVisualStudioVersion = 10.0.40219.1
Project("{FAE04EC0-301F-11D3-BF4B-00C04F79EFBC}") = "CalculatingArea", "CalculatingArea\CalculatingArea.csproj", "{5D710E9E-B5DD-4274-874A-90F80A98B753}"
EndProject
Project("{FAE04EC0-301F-11D3-BF4B-00C04F79EFBC}") = "CalculatingAreaTest", "CalculatingAreaTest\CalculatingAreaTest.csproj", "{14216440-8226-47A2-99A1-1502B0B2B46A}"
EndProject
Global
	GlobalSection(SolutionConfigurationPlatforms) = preSolution
		Debug|Any CPU = Debug|Any CPU
		Release|Any CPU = Release|Any CPU
	EndGlobalSection
	GlobalSection(ProjectConfigurationPlatforms) = postSolution
		{5D710E9E-B5DD-4274-874A-90F80A98B753}.Debug|Any CPU.ActiveCfg = Debug|Any CPU
		{5D710E9E-B5DD-4274-874A-90F80A98B753}.Debug|Any CPU.Build.0 = Debug|Any CPU
		{5D710E9E-B5DD-4274-874A-90F80A98B753}.Release|Any CPU.ActiveCfg = Release|Any CPU
		{5D710E9E-B5DD-4274-874A-90F80A98B753}.Release|Any CPU.Build.0 = Release|Any CPU
		{14216440-8226-47A2-99A1-1502B0B2B46A}.Debug|Any CPU.ActiveCfg = Debug|Any CPU
		{14216440-8226-47A2-99A1-1502B0B2B46A}.Debug|Any CPU.Build.0 = Debug|Any CPU
		{14216440-8226-47A2-99A1-1502B0B2B46A}.Release|Any CPU.ActiveCfg = Release|Any CPU
		{14216440-8226-47A2-99A1-1502B0B2B46A}.Release|Any CPU.Build.0 = Release|Any CPU
	EndGlobalSection
	GlobalSection(SolutionProperties) = preSolution
		HideSolutionNode = FALSE
	EndGlobalSection
EndGlobal
